
Microsoft Visual Studio Solution File, Format Version 12.00
# Visual Studio 2012
Project("{FAE04EC0-301F-11D3-BF4B-00C04F79EFBC}") = "GISProject", "GISProject\GISProject.csproj", "{843D603B-CD73-4069-90F1-9B43D01DAA09}"
EndProject
Project("{FAE04EC0-301F-11D3-BF4B-00C04F79EFBC}") = "DynamoDB.libs", "DynamoDB.libs\DynamoDB.libs.csproj", "{7003986A-ECEE-43D1-94EB-0664E3290C0C}"
EndProject
Global
	GlobalSection(SolutionConfigurationPlatforms) = preSolution
		Debug|Any CPU = Debug|Any CPU
		Release|Any CPU = Release|Any CPU
	EndGlobalSection
	GlobalSection(ProjectConfigurationPlatforms) = postSolution
		{843D603B-CD73-4069-90F1-9B43D01DAA09}.Debug|Any CPU.ActiveCfg = Debug|Any CPU
		{843D603B-CD73-4069-90F1-9B43D01DAA09}.Debug|Any CPU.Build.0 = Debug|Any CPU
		{843D603B-CD73-4069-90F1-9B43D01DAA09}.Release|Any CPU.ActiveCfg = Release|Any CPU
		{843D603B-CD73-4069-90F1-9B43D01DAA09}.Release|Any CPU.Build.0 = Release|Any CPU
		{7003986A-ECEE-43D1-94EB-0664E3290C0C}.Debug|Any CPU.ActiveCfg = Debug|Any CPU
		{7003986A-ECEE-43D1-94EB-0664E3290C0C}.Debug|Any CPU.Build.0 = Debug|Any CPU
		{7003986A-ECEE-43D1-94EB-0664E3290C0C}.Release|Any CPU.ActiveCfg = Release|Any CPU
		{7003986A-ECEE-43D1-94EB-0664E3290C0C}.Release|Any CPU.Build.0 = Release|Any CPU
	EndGlobalSection
EndGlobal
