# THIS IS AN AUTOGENERATED FILE. DO NOT EDIT THIS FILE DIRECTLY.
# yarn lockfile v1


"@bower_components/bootstrap@twbs/bootstrap#3.3.7":
  version "3.3.7"
  resolved "https://codeload.github.com/twbs/bootstrap/tar.gz/0b9c4a4007c44201dce9a6cc1a38407005c26c86"

"@bower_components/jquery-validation-unobtrusive@aspnet/jquery-validation-unobtrusive#3.2.6":
  version "3.2.6"
  resolved "https://codeload.github.com/aspnet/jquery-validation-unobtrusive/tar.gz/47e82bc6cb86a05247f8c3846192228038572783"
  dependencies:
    jquery ">=1.8"
    jquery-validation ">=1.8"

"@bower_components/jquery-validation@jzaefferer/jquery-validation#1.14.0":
  version "1.14.0"
  resolved "https://codeload.github.com/jzaefferer/jquery-validation/tar.gz/c1343fb9823392aa9acbe1c3ffd337b8c92fed48"

"@bower_components/jquery@jquery/jquery-dist#2.2.0":
  version "2.2.0"
  resolved "https://codeload.github.com/jquery/jquery-dist/tar.gz/6fc01e29bdad0964f62ef56d01297039cdcadbe5"

jquery-validation@>=1.8:
  version "1.17.0"
  resolved "https://registry.yarnpkg.com/jquery-validation/-/jquery-validation-1.17.0.tgz#ab66b6b583d7740b9bbd148993e50e8ac041f35b"
  dependencies:
    jquery "^1.7 || ^2.0 || ^3.1"

jquery@>=1.8, "jquery@^1.7 || ^2.0 || ^3.1":
  version "3.3.1"
  resolved "https://registry.yarnpkg.com/jquery/-/jquery-3.3.1.tgz#958ce29e81c9790f31be7792df5d4d95fc57fbca"
